
Microsoft Visual Studio Solution File, Format Version 12.00
# Visual Studio Version 16
VisualStudioVersion = 16.0.29613.14
MinimumVisualStudioVersion = 10.0.40219.1
Project("{FAE04EC0-301F-11D3-BF4B-00C04F79EFBC}") = "addressbook-web-tests", "addressbook-web-tests\addressbook-web-tests.csproj", "{1C8E244D-E108-404B-B8DF-E7F9579422E7}"
EndProject
Global
	GlobalSection(SolutionConfigurationPlatforms) = preSolution
		Debug|Any CPU = Debug|Any CPU
		Release|Any CPU = Release|Any CPU
	EndGlobalSection
	GlobalSection(ProjectConfigurationPlatforms) = postSolution
		{1C8E244D-E108-404B-B8DF-E7F9579422E7}.Debug|Any CPU.ActiveCfg = Debug|Any CPU
		{1C8E244D-E108-404B-B8DF-E7F9579422E7}.Debug|Any CPU.Build.0 = Debug|Any CPU
		{1C8E244D-E108-404B-B8DF-E7F9579422E7}.Release|Any CPU.ActiveCfg = Release|Any CPU
		{1C8E244D-E108-404B-B8DF-E7F9579422E7}.Release|Any CPU.Build.0 = Release|Any CPU
	EndGlobalSection
	GlobalSection(SolutionProperties) = preSolution
		HideSolutionNode = FALSE
	EndGlobalSection
	GlobalSection(ExtensibilityGlobals) = postSolution
		SolutionGuid = {F086C2FA-F042-4E33-9329-66D24D253FD5}
	EndGlobalSection
EndGlobal
